github.com/binaryelements/smlogs-go v0.2.0 h1:pksErNuUeJaFEGpAvYd6818Lc4ZPJW1VCFW2+q850pA=
github.com/binaryelements/smlogs-go v0.2.0/go.mod h1:fedlFOJBJ5YUILVzCxWidXBlnfe3fZVqjiX7/vkUgdQ=
github.com/binaryelements/smlogs-go v0.3.0 h1:pObf39D2mtIKLS1gaUg3MoTpOci6QBBKDMxYtJ0UusA=
github.com/binaryelements/smlogs-go v0.3.0/go.mod h1:fedlFOJBJ5YUILVzCxWidXBlnfe3fZVqjiX7/vkUgdQ=
github.com/binaryelements/smlogs-go v0.3.1 h1:xwTpKucb7afZfo8AEjp8+UYzdhh7VVuGs4UvGL4V8WE=
github.com/binaryelements/smlogs-go v0.3.1/go.mod h1:fedlFOJBJ5YUILVzCxWidXBlnfe3fZVqjiX7/vkUgdQ=
